
Microsoft Visual Studio Solution File, Format Version 12.00
# Visual Studio Version 17
VisualStudioVersion = 17.14.36603.0 d17.14
MinimumVisualStudioVersion = 10.0.40219.1
Project("{2150E333-8FDC-42A3-9474-1A3956D46DE8}") = "src", "src", "{02EA681E-C7D8-13C7-8484-4AC65E1B71E8}"
EndProject
Project("{2150E333-8FDC-42A3-9474-1A3956D46DE8}") = "tests", "tests", "{A9766593-BA62-49ED-95CE-2DE40EDF82EC}"
EndProject
Project("{2150E333-8FDC-42A3-9474-1A3956D46DE8}") = "Modules", "Modules", "{AF24A695-0503-43AF-80BF-09AF520DE3DD}"
EndProject
Project("{2150E333-8FDC-42A3-9474-1A3956D46DE8}") = "Shared", "Shared", "{4BDA3D61-2BBD-43A8-8004-6E5C24370C23}"
EndProject
Project("{2150E333-8FDC-42A3-9474-1A3956D46DE8}") = "Eduman", "Eduman", "{FD7B6D30-C77A-46F0-9037-01047DC27776}"
EndProject
Project("{2150E333-8FDC-42A3-9474-1A3956D46DE8}") = "Edulink", "Edulink", "{BD390046-732A-49BF-B995-8A604E4B3AA1}"
EndProject
Project("{FAE04EC0-301F-11D3-BF4B-00C04F79EFBC}") = "Edunex.SharedKernel", "Edunex.SharedKernel\Edunex.SharedKernel.csproj", "{0F426B87-C61A-4866-8575-5074D45E8215}"
EndProject
Project("{FAE04EC0-301F-11D3-BF4B-00C04F79EFBC}") = "Edunex.Identity", "Edunex.Identity\Edunex.Identity.csproj", "{681858CE-4930-4A51-84D7-8BE98A834225}"
EndProject
Project("{FAE04EC0-301F-11D3-BF4B-00C04F79EFBC}") = "Edunex.EventBus", "Edunex.EventBus\Edunex.EventBus.csproj", "{3DA2F680-2BAE-4453-BBA8-64F7C90B35DB}"
EndProject
Project("{FAE04EC0-301F-11D3-BF4B-00C04F79EFBC}") = "Eduman.API", "Eduman.API\Eduman.API.csproj", "{B7DC8B96-8DCC-435E-BA6E-CEFD66C3A321}"
EndProject
Project("{FAE04EC0-301F-11D3-BF4B-00C04F79EFBC}") = "Eduman.Application", "Eduman.Application\Eduman.Application.csproj", "{0B6A8C06-751A-4F6B-AB17-C6FFAC3D8EAA}"
EndProject
Project("{FAE04EC0-301F-11D3-BF4B-00C04F79EFBC}") = "Eduman.Domain", "Eduman.Domain\Eduman.Domain.csproj", "{3122C7B0-9B3D-451B-AD57-FA9D0A220499}"
EndProject
Project("{FAE04EC0-301F-11D3-BF4B-00C04F79EFBC}") = "Eduman.Infrastructure", "Eduman.Infrastructure\Eduman.Infrastructure.csproj", "{01186D16-E79C-475C-9DFD-A1E7EF598EDC}"
EndProject
Project("{FAE04EC0-301F-11D3-BF4B-00C04F79EFBC}") = "Edulink.API", "Edulink.API\Edulink.API.csproj", "{A8D266A6-31E6-4BD2-B281-349FF37282B5}"
EndProject
Project("{FAE04EC0-301F-11D3-BF4B-00C04F79EFBC}") = "Edulink.Application", "Edulink.Application\Edulink.Application.csproj", "{8D56A99C-1C68-42BE-8BA3-7B12FC62B64C}"
EndProject
Project("{FAE04EC0-301F-11D3-BF4B-00C04F79EFBC}") = "Edulink.Domain", "Edulink.Domain\Edulink.Domain.csproj", "{EE039B87-A1F2-418B-9393-06087478E395}"
EndProject
Project("{FAE04EC0-301F-11D3-BF4B-00C04F79EFBC}") = "Edulink.Infrastructure", "Edulink.Infrastructure\Edulink.Infrastructure.csproj", "{9AA6DD42-AC08-44DE-BA25-B6F10FD41F86}"
EndProject
Global
	GlobalSection(SolutionConfigurationPlatforms) = preSolution
		Debug|Any CPU = Debug|Any CPU
		Release|Any CPU = Release|Any CPU
	EndGlobalSection
	GlobalSection(ProjectConfigurationPlatforms) = postSolution
		{0F426B87-C61A-4866-8575-5074D45E8215}.Debug|Any CPU.ActiveCfg = Debug|Any CPU
		{0F426B87-C61A-4866-8575-5074D45E8215}.Debug|Any CPU.Build.0 = Debug|Any CPU
		{0F426B87-C61A-4866-8575-5074D45E8215}.Release|Any CPU.ActiveCfg = Release|Any CPU
		{0F426B87-C61A-4866-8575-5074D45E8215}.Release|Any CPU.Build.0 = Release|Any CPU
		{681858CE-4930-4A51-84D7-8BE98A834225}.Debug|Any CPU.ActiveCfg = Debug|Any CPU
		{681858CE-4930-4A51-84D7-8BE98A834225}.Debug|Any CPU.Build.0 = Debug|Any CPU
		{681858CE-4930-4A51-84D7-8BE98A834225}.Release|Any CPU.ActiveCfg = Release|Any CPU
		{681858CE-4930-4A51-84D7-8BE98A834225}.Release|Any CPU.Build.0 = Release|Any CPU
		{3DA2F680-2BAE-4453-BBA8-64F7C90B35DB}.Debug|Any CPU.ActiveCfg = Debug|Any CPU
		{3DA2F680-2BAE-4453-BBA8-64F7C90B35DB}.Debug|Any CPU.Build.0 = Debug|Any CPU
		{3DA2F680-2BAE-4453-BBA8-64F7C90B35DB}.Release|Any CPU.ActiveCfg = Release|Any CPU
		{3DA2F680-2BAE-4453-BBA8-64F7C90B35DB}.Release|Any CPU.Build.0 = Release|Any CPU
		{B7DC8B96-8DCC-435E-BA6E-CEFD66C3A321}.Debug|Any CPU.ActiveCfg = Debug|Any CPU
		{B7DC8B96-8DCC-435E-BA6E-CEFD66C3A321}.Debug|Any CPU.Build.0 = Debug|Any CPU
		{B7DC8B96-8DCC-435E-BA6E-CEFD66C3A321}.Release|Any CPU.ActiveCfg = Release|Any CPU
		{B7DC8B96-8DCC-435E-BA6E-CEFD66C3A321}.Release|Any CPU.Build.0 = Release|Any CPU
		{0B6A8C06-751A-4F6B-AB17-C6FFAC3D8EAA}.Debug|Any CPU.ActiveCfg = Debug|Any CPU
		{0B6A8C06-751A-4F6B-AB17-C6FFAC3D8EAA}.Debug|Any CPU.Build.0 = Debug|Any CPU
		{0B6A8C06-751A-4F6B-AB17-C6FFAC3D8EAA}.Release|Any CPU.ActiveCfg = Release|Any CPU
		{0B6A8C06-751A-4F6B-AB17-C6FFAC3D8EAA}.Release|Any CPU.Build.0 = Release|Any CPU
		{3122C7B0-9B3D-451B-AD57-FA9D0A220499}.Debug|Any CPU.ActiveCfg = Debug|Any CPU
		{3122C7B0-9B3D-451B-AD57-FA9D0A220499}.Debug|Any CPU.Build.0 = Debug|Any CPU
		{3122C7B0-9B3D-451B-AD57-FA9D0A220499}.Release|Any CPU.ActiveCfg = Release|Any CPU
		{3122C7B0-9B3D-451B-AD57-FA9D0A220499}.Release|Any CPU.Build.0 = Release|Any CPU
		{01186D16-E79C-475C-9DFD-A1E7EF598EDC}.Debug|Any CPU.ActiveCfg = Debug|Any CPU
		{01186D16-E79C-475C-9DFD-A1E7EF598EDC}.Debug|Any CPU.Build.0 = Debug|Any CPU
		{01186D16-E79C-475C-9DFD-A1E7EF598EDC}.Release|Any CPU.ActiveCfg = Release|Any CPU
		{01186D16-E79C-475C-9DFD-A1E7EF598EDC}.Release|Any CPU.Build.0 = Release|Any CPU
		{A8D266A6-31E6-4BD2-B281-349FF37282B5}.Debug|Any CPU.ActiveCfg = Debug|Any CPU
		{A8D266A6-31E6-4BD2-B281-349FF37282B5}.Debug|Any CPU.Build.0 = Debug|Any CPU
		{A8D266A6-31E6-4BD2-B281-349FF37282B5}.Release|Any CPU.ActiveCfg = Release|Any CPU
		{A8D266A6-31E6-4BD2-B281-349FF37282B5}.Release|Any CPU.Build.0 = Release|Any CPU
		{8D56A99C-1C68-42BE-8BA3-7B12FC62B64C}.Debug|Any CPU.ActiveCfg = Debug|Any CPU
		{8D56A99C-1C68-42BE-8BA3-7B12FC62B64C}.Debug|Any CPU.Build.0 = Debug|Any CPU
		{8D56A99C-1C68-42BE-8BA3-7B12FC62B64C}.Release|Any CPU.ActiveCfg = Release|Any CPU
		{8D56A99C-1C68-42BE-8BA3-7B12FC62B64C}.Release|Any CPU.Build.0 = Release|Any CPU
		{EE039B87-A1F2-418B-9393-06087478E395}.Debug|Any CPU.ActiveCfg = Debug|Any CPU
		{EE039B87-A1F2-418B-9393-06087478E395}.Debug|Any CPU.Build.0 = Debug|Any CPU
		{EE039B87-A1F2-418B-9393-06087478E395}.Release|Any CPU.ActiveCfg = Release|Any CPU
		{EE039B87-A1F2-418B-9393-06087478E395}.Release|Any CPU.Build.0 = Release|Any CPU
		{9AA6DD42-AC08-44DE-BA25-B6F10FD41F86}.Debug|Any CPU.ActiveCfg = Debug|Any CPU
		{9AA6DD42-AC08-44DE-BA25-B6F10FD41F86}.Debug|Any CPU.Build.0 = Debug|Any CPU
		{9AA6DD42-AC08-44DE-BA25-B6F10FD41F86}.Release|Any CPU.ActiveCfg = Release|Any CPU
		{9AA6DD42-AC08-44DE-BA25-B6F10FD41F86}.Release|Any CPU.Build.0 = Release|Any CPU
	EndGlobalSection
	GlobalSection(SolutionProperties) = preSolution
		HideSolutionNode = FALSE
	EndGlobalSection
	GlobalSection(NestedProjects) = preSolution
		{AF24A695-0503-43AF-80BF-09AF520DE3DD} = {02EA681E-C7D8-13C7-8484-4AC65E1B71E8}
		{4BDA3D61-2BBD-43A8-8004-6E5C24370C23} = {02EA681E-C7D8-13C7-8484-4AC65E1B71E8}
		{FD7B6D30-C77A-46F0-9037-01047DC27776} = {AF24A695-0503-43AF-80BF-09AF520DE3DD}
		{BD390046-732A-49BF-B995-8A604E4B3AA1} = {AF24A695-0503-43AF-80BF-09AF520DE3DD}
		{0F426B87-C61A-4866-8575-5074D45E8215} = {4BDA3D61-2BBD-43A8-8004-6E5C24370C23}
		{681858CE-4930-4A51-84D7-8BE98A834225} = {4BDA3D61-2BBD-43A8-8004-6E5C24370C23}
		{3DA2F680-2BAE-4453-BBA8-64F7C90B35DB} = {4BDA3D61-2BBD-43A8-8004-6E5C24370C23}
		{B7DC8B96-8DCC-435E-BA6E-CEFD66C3A321} = {FD7B6D30-C77A-46F0-9037-01047DC27776}
		{0B6A8C06-751A-4F6B-AB17-C6FFAC3D8EAA} = {FD7B6D30-C77A-46F0-9037-01047DC27776}
		{3122C7B0-9B3D-451B-AD57-FA9D0A220499} = {FD7B6D30-C77A-46F0-9037-01047DC27776}
		{01186D16-E79C-475C-9DFD-A1E7EF598EDC} = {FD7B6D30-C77A-46F0-9037-01047DC27776}
		{A8D266A6-31E6-4BD2-B281-349FF37282B5} = {BD390046-732A-49BF-B995-8A604E4B3AA1}
		{8D56A99C-1C68-42BE-8BA3-7B12FC62B64C} = {BD390046-732A-49BF-B995-8A604E4B3AA1}
		{EE039B87-A1F2-418B-9393-06087478E395} = {BD390046-732A-49BF-B995-8A604E4B3AA1}
		{9AA6DD42-AC08-44DE-BA25-B6F10FD41F86} = {BD390046-732A-49BF-B995-8A604E4B3AA1}
	EndGlobalSection
	GlobalSection(ExtensibilityGlobals) = postSolution
		SolutionGuid = {E489052C-3308-4D9D-8328-7FC5B6B38635}
	EndGlobalSection
EndGlobal
